Microsoft Visual Studio Solution File, Format Version 12.00
# Visual Studio Version 17
VisualStudioVersion = 17.5.2.0
MinimumVisualStudioVersion = 10.0.40219.1
Project("{FAE04EC0-301F-11D3-BF4B-00C04F79EFBC}") = "HealthcareAppointmentSystem", "HealthcareAppointmentSystem.csproj", "{FF1966B9-2CC5-35A0-D70A-D4B1B6839A59}"
EndProject
Global
	GlobalSection(SolutionConfigurationPlatforms) = preSolution
		Debug|Any CPU = Debug|Any CPU
		Release|Any CPU = Release|Any CPU
	EndGlobalSection
	GlobalSection(ProjectConfigurationPlatforms) = postSolution
		{FF1966B9-2CC5-35A0-D70A-D4B1B6839A59}.Debug|Any CPU.ActiveCfg = Debug|Any CPU
		{FF1966B9-2CC5-35A0-D70A-D4B1B6839A59}.Debug|Any CPU.Build.0 = Debug|Any CPU
		{FF1966B9-2CC5-35A0-D70A-D4B1B6839A59}.Release|Any CPU.ActiveCfg = Release|Any CPU
		{FF1966B9-2CC5-35A0-D70A-D4B1B6839A59}.Release|Any CPU.Build.0 = Release|Any CPU
	EndGlobalSection
	GlobalSection(SolutionProperties) = preSolution
		HideSolutionNode = FALSE
	EndGlobalSection
	GlobalSection(ExtensibilityGlobals) = postSolution
		SolutionGuid = {A843E5DE-3DA1-4306-93CC-0D836D929899}
	EndGlobalSection
EndGlobal
